// !$*UTF8*$!
{
	archiveVersion = 1;
	classes = {
	};
	objectVersion = 56;
	objects = {

/* Begin PBXBuildFile section */
		843431C32A710B5E0073EE51 /* WeatherManager.swift in Sources */ = {isa = PBXBuildFile; fileRef = 843431C22A710B5E0073EE51 /* WeatherManager.swift */; };
		843431C52A710CEC0073EE51 /* SearchViewController.swift in Sources */ = {isa = PBXBuildFile; fileRef = 843431C42A710CEC0073EE51 /* SearchViewController.swift */; };
		843431C72A71131C0073EE51 /* K.swift in Sources */ = {isa = PBXBuildFile; fileRef = 843431C62A71131C0073EE51 /* K.swift */; };
		849AA5E22A72F602009574DF /* FullWeatherData.swift in Sources */ = {isa = PBXBuildFile; fileRef = 849AA5E12A72F602009574DF /* FullWeatherData.swift */; };
		84A26B2E2A74FDCC0044A020 /* CityManager.swift in Sources */ = {isa = PBXBuildFile; fileRef = 84A26B2D2A74FDCC0044A020 /* CityManager.swift */; };
		84A26B302A74FDD10044A020 /* CityData.swift in Sources */ = {isa = PBXBuildFile; fileRef = 84A26B2F2A74FDD10044A020 /* CityData.swift */; };
		84A26B322A75421C0044A020 /* Extensions.swift in Sources */ = {isa = PBXBuildFile; fileRef = 84A26B312A75421C0044A020 /* Extensions.swift */; };
		84AEFD0D2A741CE60088D7D5 /* SearchTableViewCell.swift in Sources */ = {isa = PBXBuildFile; fileRef = 84AEFD0B2A741CE60088D7D5 /* SearchTableViewCell.swift */; };
		84AEFD0E2A741CE60088D7D5 /* SearchTableViewCell.xib in Resources */ = {isa = PBXBuildFile; fileRef = 84AEFD0C2A741CE60088D7D5 /* SearchTableViewCell.xib */; };
		84B597D62A70DDE300A92C90 /* AppDelegate.swift in Sources */ = {isa = PBXBuildFile; fileRef = 84B597D52A70DDE300A92C90 /* AppDelegate.swift */; };
		84B597D82A70DDE300A92C90 /* SceneDelegate.swift in Sources */ = {isa = PBXBuildFile; fileRef = 84B597D72A70DDE300A92C90 /* SceneDelegate.swift */; };
		84B597DA2A70DDE300A92C90 /* WeatherViewController.swift in Sources */ = {isa = PBXBuildFile; fileRef = 84B597D92A70DDE300A92C90 /* WeatherViewController.swift */; };
		84B597DD2A70DDE300A92C90 /* Main.storyboard in Resources */ = {isa = PBXBuildFile; fileRef = 84B597DB2A70DDE300A92C90 /* Main.storyboard */; };
		84B597DF2A70DDE400A92C90 /* Assets.xcassets in Resources */ = {isa = PBXBuildFile; fileRef = 84B597DE2A70DDE400A92C90 /* Assets.xcassets */; };
		84B597E22A70DDE400A92C90 /* LaunchScreen.storyboard in Resources */ = {isa = PBXBuildFile; fileRef = 84B597E02A70DDE400A92C90 /* LaunchScreen.storyboard */; };
		84BD86242A71630700A9889F /* WeatherModel.swift in Sources */ = {isa = PBXBuildFile; fileRef = 84BD86232A71630700A9889F /* WeatherModel.swift */; };
		84C488762A7173BA009BCAF9 /* WeatherCollectionViewCell.swift in Sources */ = {isa = PBXBuildFile; fileRef = 84C488742A7173BA009BCAF9 /* WeatherCollectionViewCell.swift */; };
		84C488772A7173BA009BCAF9 /* WeatherCollectionViewCell.xib in Resources */ = {isa = PBXBuildFile; fileRef = 84C488752A7173BA009BCAF9 /* WeatherCollectionViewCell.xib */; };
		84DDCD992A713C1600C28DFB /* WeatherData.swift in Sources */ = {isa = PBXBuildFile; fileRef = 84DDCD982A713C1600C28DFB /* WeatherData.swift */; };
/* End PBXBuildFile section */

/* Begin PBXFileReference section */
		843431C22A710B5E0073EE51 /* WeatherManager.swift */ = {isa = PBXFileReference; lastKnownFileType = sourcecode.swift; path = WeatherManager.swift; sourceTree = "<group>"; };
		843431C42A710CEC0073EE51 /* SearchViewController.swift */ = {isa = PBXFileReference; lastKnownFileType = sourcecode.swift; path = SearchViewController.swift; sourceTree = "<group>"; };
		843431C62A71131C0073EE51 /* K.swift */ = {isa = PBXFileReference; lastKnownFileType = sourcecode.swift; path = K.swift; sourceTree = "<group>"; };
		849AA5E12A72F602009574DF /* FullWeatherData.swift */ = {isa = PBXFileReference; lastKnownFileType = sourcecode.swift; path = FullWeatherData.swift; sourceTree = "<group>"; };
		84A26B2D2A74FDCC0044A020 /* CityManager.swift */ = {isa = PBXFileReference; lastKnownFileType = sourcecode.swift; path = CityManager.swift; sourceTree = "<group>"; };
		84A26B2F2A74FDD10044A020 /* CityData.swift */ = {isa = PBXFileReference; lastKnownFileType = sourcecode.swift; path = CityData.swift; sourceTree = "<group>"; };
		84A26B312A75421C0044A020 /* Extensions.swift */ = {isa = PBXFileReference; lastKnownFileType = sourcecode.swift; path = Extensions.swift; sourceTree = "<group>"; };
		84AEFD0B2A741CE60088D7D5 /* SearchTableViewCell.swift */ = {isa = PBXFileReference; lastKnownFileType = sourcecode.swift; path = SearchTableViewCell.swift; sourceTree = "<group>"; };
		84AEFD0C2A741CE60088D7D5 /* SearchTableViewCell.xib */ = {isa = PBXFileReference; lastKnownFileType = file.xib; path = SearchTableViewCell.xib; sourceTree = "<group>"; };
		84B597D22A70DDE300A92C90 /* EmpikTestApp.app */ = {isa = PBXFileReference; explicitFileType = wrapper.application; includeInIndex = 0; path = EmpikTestApp.app; sourceTree = BUILT_PRODUCTS_DIR; };
		84B597D52A70DDE300A92C90 /* AppDelegate.swift */ = {isa = PBXFileReference; lastKnownFileType = sourcecode.swift; path = AppDelegate.swift; sourceTree = "<group>"; };
		84B597D72A70DDE300A92C90 /* SceneDelegate.swift */ = {isa = PBXFileReference; lastKnownFileType = sourcecode.swift; path = SceneDelegate.swift; sourceTree = "<group>"; };
		84B597D92A70DDE300A92C90 /* WeatherViewController.swift */ = {isa = PBXFileReference; lastKnownFileType = sourcecode.swift; path = WeatherViewController.swift; sourceTree = "<group>"; };
		84B597DC2A70DDE300A92C90 /* Base */ = {isa = PBXFileReference; lastKnownFileType = file.storyboard; name = Base; path = Base.lproj/Main.storyboard; sourceTree = "<group>"; };
		84B597DE2A70DDE400A92C90 /* Assets.xcassets */ = {isa = PBXFileReference; lastKnownFileType = folder.assetcatalog; path = Assets.xcassets; sourceTree = "<group>"; };
		84B597E12A70DDE400A92C90 /* Base */ = {isa = PBXFileReference; lastKnownFileType = file.storyboard; name = Base; path = Base.lproj/LaunchScreen.storyboard; sourceTree = "<group>"; };
		84B597E32A70DDE400A92C90 /* Info.plist */ = {isa = PBXFileReference; lastKnownFileType = text.plist.xml; path = Info.plist; sourceTree = "<group>"; };
		84BD86232A71630700A9889F /* WeatherModel.swift */ = {isa = PBXFileReference; lastKnownFileType = sourcecode.swift; path = WeatherModel.swift; sourceTree = "<group>"; };
		84C488742A7173BA009BCAF9 /* WeatherCollectionViewCell.swift */ = {isa = PBXFileReference; lastKnownFileType = sourcecode.swift; path = WeatherCollectionViewCell.swift; sourceTree = "<group>"; };
		84C488752A7173BA009BCAF9 /* WeatherCollectionViewCell.xib */ = {isa = PBXFileReference; lastKnownFileType = file.xib; path = WeatherCollectionViewCell.xib; sourceTree = "<group>"; };
		84DDCD982A713C1600C28DFB /* WeatherData.swift */ = {isa = PBXFileReference; lastKnownFileType = sourcecode.swift; path = WeatherData.swift; sourceTree = "<group>"; };
/* End PBXFileReference section */

/* Begin PBXFrameworksBuildPhase section */
		84B597CF2A70DDE300A92C90 /* Frameworks */ = {
			isa = PBXFrameworksBuildPhase;
			buildActionMask = 2147483647;
			files = (
			);
			runOnlyForDeploymentPostprocessing = 0;
		};
/* End PBXFrameworksBuildPhase section */

/* Begin PBXGroup section */
		843431BC2A7107A30073EE51 /* Delegates */ = {
			isa = PBXGroup;
			children = (
				84B597D52A70DDE300A92C90 /* AppDelegate.swift */,
				84B597D72A70DDE300A92C90 /* SceneDelegate.swift */,
			);
			path = Delegates;
			sourceTree = "<group>";
		};
		843431BD2A7107AC0073EE51 /* Controller */ = {
			isa = PBXGroup;
			children = (
				84B597D92A70DDE300A92C90 /* WeatherViewController.swift */,
				843431C42A710CEC0073EE51 /* SearchViewController.swift */,
			);
			path = Controller;
			sourceTree = "<group>";
		};
		843431BE2A7107B50073EE51 /* LaunchScreen */ = {
			isa = PBXGroup;
			children = (
				84B597E02A70DDE400A92C90 /* LaunchScreen.storyboard */,
			);
			path = LaunchScreen;
			sourceTree = "<group>";
		};
		843431BF2A7107C20073EE51 /* View */ = {
			isa = PBXGroup;
			children = (
				84B597DB2A70DDE300A92C90 /* Main.storyboard */,
				84AEFD0A2A741CD50088D7D5 /* TableViewCell */,
				84C488732A7173A4009BCAF9 /* CollectionViewCell */,
				843431BE2A7107B50073EE51 /* LaunchScreen */,
			);
			path = View;
			sourceTree = "<group>";
		};
		843431C02A7107CE0073EE51 /* Model */ = {
			isa = PBXGroup;
			children = (
				843431C62A71131C0073EE51 /* K.swift */,
				84A26B2C2A74FDB90044A020 /* City Info */,
				84AEFD0F2A7422F30088D7D5 /* Weather JSON */,
				84A26B312A75421C0044A020 /* Extensions.swift */,
			);
			path = Model;
			sourceTree = "<group>";
		};
		843431C12A7107D70073EE51 /* Assets */ = {
			isa = PBXGroup;
			children = (
				84B597DE2A70DDE400A92C90 /* Assets.xcassets */,
			);
			path = Assets;
			sourceTree = "<group>";
		};
		84A26B2C2A74FDB90044A020 /* City Info */ = {
			isa = PBXGroup;
			children = (
				84A26B2D2A74FDCC0044A020 /* CityManager.swift */,
				84A26B2F2A74FDD10044A020 /* CityData.swift */,
			);
			path = "City Info";
			sourceTree = "<group>";
		};
		84AEFD0A2A741CD50088D7D5 /* TableViewCell */ = {
			isa = PBXGroup;
			children = (
				84AEFD0B2A741CE60088D7D5 /* SearchTableViewCell.swift */,
				84AEFD0C2A741CE60088D7D5 /* SearchTableViewCell.xib */,
			);
			path = TableViewCell;
			sourceTree = "<group>";
		};
		84AEFD0F2A7422F30088D7D5 /* Weather JSON */ = {
			isa = PBXGroup;
			children = (
				843431C22A710B5E0073EE51 /* WeatherManager.swift */,
				84DDCD982A713C1600C28DFB /* WeatherData.swift */,
				84BD86232A71630700A9889F /* WeatherModel.swift */,
				849AA5E12A72F602009574DF /* FullWeatherData.swift */,
			);
			path = "Weather JSON";
			sourceTree = "<group>";
		};
		84B597C92A70DDE300A92C90 = {
			isa = PBXGroup;
			children = (
				84B597D42A70DDE300A92C90 /* EmpikTestApp */,
				84B597D32A70DDE300A92C90 /* Products */,
			);
			sourceTree = "<group>";
		};
		84B597D32A70DDE300A92C90 /* Products */ = {
			isa = PBXGroup;
			children = (
				84B597D22A70DDE300A92C90 /* EmpikTestApp.app */,
			);
			name = Products;
			sourceTree = "<group>";
		};
		84B597D42A70DDE300A92C90 /* EmpikTestApp */ = {
			isa = PBXGroup;
			children = (
				843431BC2A7107A30073EE51 /* Delegates */,
				843431C02A7107CE0073EE51 /* Model */,
				843431BF2A7107C20073EE51 /* View */,
				843431BD2A7107AC0073EE51 /* Controller */,
				843431C12A7107D70073EE51 /* Assets */,
				84B597E32A70DDE400A92C90 /* Info.plist */,
			);
			path = EmpikTestApp;
			sourceTree = "<group>";
		};
		84C488732A7173A4009BCAF9 /* CollectionViewCell */ = {
			isa = PBXGroup;
			children = (
				84C488742A7173BA009BCAF9 /* WeatherCollectionViewCell.swift */,
				84C488752A7173BA009BCAF9 /* WeatherCollectionViewCell.xib */,
			);
			path = CollectionViewCell;
			sourceTree = "<group>";
		};
/* End PBXGroup section */

/* Begin PBXNativeTarget section */
		84B597D12A70DDE300A92C90 /* EmpikTestApp */ = {
			isa = PBXNativeTarget;
			buildConfigurationList = 84B597E62A70DDE400A92C90 /* Build configuration list for PBXNativeTarget "EmpikTestApp" */;
			buildPhases = (
				84B597CE2A70DDE300A92C90 /* Sources */,
				84B597CF2A70DDE300A92C90 /* Frameworks */,
				84B597D02A70DDE300A92C90 /* Resources */,
			);
			buildRules = (
			);
			dependencies = (
			);
			name = EmpikTestApp;
			productName = EmpikTestApp;
			productReference = 84B597D22A70DDE300A92C90 /* EmpikTestApp.app */;
			productType = "com.apple.product-type.application";
		};
/* End PBXNativeTarget section */

/* Begin PBXProject section */
		84B597CA2A70DDE300A92C90 /* Project object */ = {
			isa = PBXProject;
			attributes = {
				BuildIndependentTargetsInParallel = 1;
				LastSwiftUpdateCheck = 1420;
				LastUpgradeCheck = 1420;
				TargetAttributes = {
					84B597D12A70DDE300A92C90 = {
						CreatedOnToolsVersion = 14.2;
					};
				};
			};
			buildConfigurationList = 84B597CD2A70DDE300A92C90 /* Build configuration list for PBXProject "EmpikTestApp" */;
			compatibilityVersion = "Xcode 14.0";
			developmentRegion = en;
			hasScannedForEncodings = 0;
			knownRegions = (
				en,
				Base,
			);
			mainGroup = 84B597C92A70DDE300A92C90;
			productRefGroup = 84B597D32A70DDE300A92C90 /* Products */;
			projectDirPath = "";
			projectRoot = "";
			targets = (
				84B597D12A70DDE300A92C90 /* EmpikTestApp */,
			);
		};
/* End PBXProject section */

/* Begin PBXResourcesBuildPhase section */
		84B597D02A70DDE300A92C90 /* Resources */ = {
			isa = PBXResourcesBuildPhase;
			buildActionMask = 2147483647;
			files = (
				84B597E22A70DDE400A92C90 /* LaunchScreen.storyboard in Resources */,
				84C488772A7173BA009BCAF9 /* WeatherCollectionViewCell.xib in Resources */,
				84B597DF2A70DDE400A92C90 /* Assets.xcassets in Resources */,
				84B597DD2A70DDE300A92C90 /* Main.storyboard in Resources */,
				84AEFD0E2A741CE60088D7D5 /* SearchTableViewCell.xib in Resources */,
			);
			runOnlyForDeploymentPostprocessing = 0;
		};
/* End PBXResourcesBuildPhase section */

/* Begin PBXSourcesBuildPhase section */
		84B597CE2A70DDE300A92C90 /* Sources */ = {
			isa = PBXSourcesBuildPhase;
			buildActionMask = 2147483647;
			files = (
				84C488762A7173BA009BCAF9 /* WeatherCollectionViewCell.swift in Sources */,
				849AA5E22A72F602009574DF /* FullWeatherData.swift in Sources */,
				84A26B302A74FDD10044A020 /* CityData.swift in Sources */,
				843431C52A710CEC0073EE51 /* SearchViewController.swift in Sources */,
				84B597DA2A70DDE300A92C90 /* WeatherViewController.swift in Sources */,
				84AEFD0D2A741CE60088D7D5 /* SearchTableViewCell.swift in Sources */,
				84DDCD992A713C1600C28DFB /* WeatherData.swift in Sources */,
				843431C72A71131C0073EE51 /* K.swift in Sources */,
				84B597D62A70DDE300A92C90 /* AppDelegate.swift in Sources */,
				84A26B2E2A74FDCC0044A020 /* CityManager.swift in Sources */,
				843431C32A710B5E0073EE51 /* WeatherManager.swift in Sources */,
				84BD86242A71630700A9889F /* WeatherModel.swift in Sources */,
				84B597D82A70DDE300A92C90 /* SceneDelegate.swift in Sources */,
				84A26B322A75421C0044A020 /* Extensions.swift in Sources */,
			);
			runOnlyForDeploymentPostprocessing = 0;
		};
/* End PBXSourcesBuildPhase section */

/* Begin PBXVariantGroup section */
		84B597DB2A70DDE300A92C90 /* Main.storyboard */ = {
			isa = PBXVariantGroup;
			children = (
				84B597DC2A70DDE300A92C90 /* Base */,
			);
			name = Main.storyboard;
			sourceTree = "<group>";
		};
		84B597E02A70DDE400A92C90 /* LaunchScreen.storyboard */ = {
			isa = PBXVariantGroup;
			children = (
				84B597E12A70DDE400A92C90 /* Base */,
			);
			name = LaunchScreen.storyboard;
			sourceTree = "<group>";
		};
/* End PBXVariantGroup section */

/* Begin XCBuildConfiguration section */
		84B597E42A70DDE400A92C90 /* Debug */ = {
			isa = XCBuildConfiguration;
			buildSettings = {
				ALWAYS_SEARCH_USER_PATHS = NO;
				CLANG_ANALYZER_NONNULL = YES;
				CLANG_ANALYZER_NUMBER_OBJECT_CONVERSION = YES_AGGRESSIVE;
				CLANG_CXX_LANGUAGE_STANDARD = "gnu++20";
				CLANG_ENABLE_MODULES = YES;
				CLANG_ENABLE_OBJC_ARC = YES;
				CLANG_ENABLE_OBJC_WEAK = YES;
				CLANG_WARN_BLOCK_CAPTURE_AUTORELEASING = YES;
				CLANG_WARN_BOOL_CONVERSION = YES;
				CLANG_WARN_COMMA = YES;
				CLANG_WARN_CONSTANT_CONVERSION = YES;
				CLANG_WARN_DEPRECATED_OBJC_IMPLEMENTATIONS = YES;
				CLANG_WARN_DIRECT_OBJC_ISA_USAGE = YES_ERROR;
				CLANG_WARN_DOCUMENTATION_COMMENTS = YES;
				CLANG_WARN_EMPTY_BODY = YES;
				CLANG_WARN_ENUM_CONVERSION = YES;
				CLANG_WARN_INFINITE_RECURSION = YES;
				CLANG_WARN_INT_CONVERSION = YES;
				CLANG_WARN_NON_LITERAL_NULL_CONVERSION = YES;
				CLANG_WARN_OBJC_IMPLICIT_RETAIN_SELF = YES;
				CLANG_WARN_OBJC_LITERAL_CONVERSION = YES;
				CLANG_WARN_OBJC_ROOT_CLASS = YES_ERROR;
				CLANG_WARN_QUOTED_INCLUDE_IN_FRAMEWORK_HEADER = YES;
				CLANG_WARN_RANGE_LOOP_ANALYSIS = YES;
				CLANG_WARN_STRICT_PROTOTYPES = YES;
				CLANG_WARN_SUSPICIOUS_MOVE = YES;
				CLANG_WARN_UNGUARDED_AVAILABILITY = YES_AGGRESSIVE;
				CLANG_WARN_UNREACHABLE_CODE = YES;
				CLANG_WARN__DUPLICATE_METHOD_MATCH = YES;
				COPY_PHASE_STRIP = NO;
				DEBUG_INFORMATION_FORMAT = dwarf;
				ENABLE_STRICT_OBJC_MSGSEND = YES;
				ENABLE_TESTABILITY = YES;
				GCC_C_LANGUAGE_STANDARD = gnu11;
				GCC_DYNAMIC_NO_PIC = NO;
				GCC_NO_COMMON_BLOCKS = YES;
				GCC_OPTIMIZATION_LEVEL = 0;
				GCC_PREPROCESSOR_DEFINITIONS = (
					"DEBUG=1",
					"$(inherited)",
				);
				GCC_WARN_64_TO_32_BIT_CONVERSION = YES;
				GCC_WARN_ABOUT_RETURN_TYPE = YES_ERROR;
				GCC_WARN_UNDECLARED_SELECTOR = YES;
				GCC_WARN_UNINITIALIZED_AUTOS = YES_AGGRESSIVE;
				GCC_WARN_UNUSED_FUNCTION = YES;
				GCC_WARN_UNUSED_VARIABLE = YES;
				IPHONEOS_DEPLOYMENT_TARGET = 16.2;
				MTL_ENABLE_DEBUG_INFO = INCLUDE_SOURCE;
				MTL_FAST_MATH = YES;
				ONLY_ACTIVE_ARCH = YES;
				SDKROOT = iphoneos;
				SWIFT_ACTIVE_COMPILATION_CONDITIONS = DEBUG;
				SWIFT_OPTIMIZATION_LEVEL = "-Onone";
			};
			name = Debug;
		};
		84B597E52A70DDE400A92C90 /* Release */ = {
			isa = XCBuildConfiguration;
			buildSettings = {
				ALWAYS_SEARCH_USER_PATHS = NO;
				CLANG_ANALYZER_NONNULL = YES;
				CLANG_ANALYZER_NUMBER_OBJECT_CONVERSION = YES_AGGRESSIVE;
				CLANG_CXX_LANGUAGE_STANDARD = "gnu++20";
				CLANG_ENABLE_MODULES = YES;
				CLANG_ENABLE_OBJC_ARC = YES;
				CLANG_ENABLE_OBJC_WEAK = YES;
				CLANG_WARN_BLOCK_CAPTURE_AUTORELEASING = YES;
				CLANG_WARN_BOOL_CONVERSION = YES;
				CLANG_WARN_COMMA = YES;
				CLANG_WARN_CONSTANT_CONVERSION = YES;
				CLANG_WARN_DEPRECATED_OBJC_IMPLEMENTATIONS = YES;
				CLANG_WARN_DIRECT_OBJC_ISA_USAGE = YES_ERROR;
				CLANG_WARN_DOCUMENTATION_COMMENTS = YES;
				CLANG_WARN_EMPTY_BODY = YES;
				CLANG_WARN_ENUM_CONVERSION = YES;
				CLANG_WARN_INFINITE_RECURSION = YES;
				CLANG_WARN_INT_CONVERSION = YES;
				CLANG_WARN_NON_LITERAL_NULL_CONVERSION = YES;
				CLANG_WARN_OBJC_IMPLICIT_RETAIN_SELF = YES;
				CLANG_WARN_OBJC_LITERAL_CONVERSION = YES;
				CLANG_WARN_OBJC_ROOT_CLASS = YES_ERROR;
				CLANG_WARN_QUOTED_INCLUDE_IN_FRAMEWORK_HEADER = YES;
				CLANG_WARN_RANGE_LOOP_ANALYSIS = YES;
				CLANG_WARN_STRICT_PROTOTYPES = YES;
				CLANG_WARN_SUSPICIOUS_MOVE = YES;
				CLANG_WARN_UNGUARDED_AVAILABILITY = YES_AGGRESSIVE;
				CLANG_WARN_UNREACHABLE_CODE = YES;
				CLANG_WARN__DUPLICATE_METHOD_MATCH = YES;
				COPY_PHASE_STRIP = NO;
				DEBUG_INFORMATION_FORMAT = "dwarf-with-dsym";
				ENABLE_NS_ASSERTIONS = NO;
				ENABLE_STRICT_OBJC_MSGSEND = YES;
				GCC_C_LANGUAGE_STANDARD = gnu11;
				GCC_NO_COMMON_BLOCKS = YES;
				GCC_WARN_64_TO_32_BIT_CONVERSION = YES;
				GCC_WARN_ABOUT_RETURN_TYPE = YES_ERROR;
				GCC_WARN_UNDECLARED_SELECTOR = YES;
				GCC_WARN_UNINITIALIZED_AUTOS = YES_AGGRESSIVE;
				GCC_WARN_UNUSED_FUNCTION = YES;
				GCC_WARN_UNUSED_VARIABLE = YES;
				IPHONEOS_DEPLOYMENT_TARGET = 16.2;
				MTL_ENABLE_DEBUG_INFO = NO;
				MTL_FAST_MATH = YES;
				SDKROOT = iphoneos;
				SWIFT_COMPILATION_MODE = wholemodule;
				SWIFT_OPTIMIZATION_LEVEL = "-O";
				VALIDATE_PRODUCT = YES;
			};
			name = Release;
		};
		84B597E72A70DDE400A92C90 /* Debug */ = {
			isa = XCBuildConfiguration;
			buildSettings = {
				ASSETCATALOG_COMPILER_APPICON_NAME = AppIcon;
				ASSETCATALOG_COMPILER_GLOBAL_ACCENT_COLOR_NAME = AccentColor;
				CODE_SIGN_STYLE = Automatic;
				CURRENT_PROJECT_VERSION = 1;
				DEVELOPMENT_TEAM = T89PLWD739;
				GENERATE_INFOPLIST_FILE = YES;
				INFOPLIST_FILE = EmpikTestApp/Info.plist;
				INFOPLIST_KEY_LSApplicationCategoryType = "public.app-category.weather";
				INFOPLIST_KEY_UIApplicationSupportsIndirectInputEvents = YES;
				INFOPLIST_KEY_UILaunchStoryboardName = LaunchScreen;
				INFOPLIST_KEY_UIMainStoryboardFile = Main;
				INFOPLIST_KEY_UISupportedInterfaceOrientations_iPad = "UIInterfaceOrientationPortrait UIInterfaceOrientationPortraitUpsideDown UIInterfaceOrientationLandscapeLeft UIInterfaceOrientationLandscapeRight";
				INFOPLIST_KEY_UISupportedInterfaceOrientations_iPhone = "UIInterfaceOrientationPortrait UIInterfaceOrientationLandscapeLeft UIInterfaceOrientationLandscapeRight";
				IPHONEOS_DEPLOYMENT_TARGET = 13.0;
				LD_RUNPATH_SEARCH_PATHS = (
					"$(inherited)",
					"@executable_path/Frameworks",
				);
				MARKETING_VERSION = 1.0;
				PRODUCT_BUNDLE_IDENTIFIER = MichaelMoses.EmpikTestApp;
				PRODUCT_NAME = "$(TARGET_NAME)";
				SWIFT_EMIT_LOC_STRINGS = YES;
				SWIFT_VERSION = 5.0;
				TARGETED_DEVICE_FAMILY = "1,2";
			};
			name = Debug;
		};
		84B597E82A70DDE400A92C90 /* Release */ = {
			isa = XCBuildConfiguration;
			buildSettings = {
				ASSETCATALOG_COMPILER_APPICON_NAME = AppIcon;
				ASSETCATALOG_COMPILER_GLOBAL_ACCENT_COLOR_NAME = AccentColor;
				CODE_SIGN_STYLE = Automatic;
				CURRENT_PROJECT_VERSION = 1;
				DEVELOPMENT_TEAM = T89PLWD739;
				GENERATE_INFOPLIST_FILE = YES;
				INFOPLIST_FILE = EmpikTestApp/Info.plist;
				INFOPLIST_KEY_LSApplicationCategoryType = "public.app-category.weather";
				INFOPLIST_KEY_UIApplicationSupportsIndirectInputEvents = YES;
				INFOPLIST_KEY_UILaunchStoryboardName = LaunchScreen;
				INFOPLIST_KEY_UIMainStoryboardFile = Main;
				INFOPLIST_KEY_UISupportedInterfaceOrientations_iPad = "UIInterfaceOrientationPortrait UIInterfaceOrientationPortraitUpsideDown UIInterfaceOrientationLandscapeLeft UIInterfaceOrientationLandscapeRight";
				INFOPLIST_KEY_UISupportedInterfaceOrientations_iPhone = "UIInterfaceOrientationPortrait UIInterfaceOrientationLandscapeLeft UIInterfaceOrientationLandscapeRight";
				IPHONEOS_DEPLOYMENT_TARGET = 13.0;
				LD_RUNPATH_SEARCH_PATHS = (
					"$(inherited)",
					"@executable_path/Frameworks",
				);
				MARKETING_VERSION = 1.0;
				PRODUCT_BUNDLE_IDENTIFIER = MichaelMoses.EmpikTestApp;
				PRODUCT_NAME = "$(TARGET_NAME)";
				SWIFT_EMIT_LOC_STRINGS = YES;
				SWIFT_VERSION = 5.0;
				TARGETED_DEVICE_FAMILY = "1,2";
			};
			name = Release;
		};
/* End XCBuildConfiguration section */

/* Begin XCConfigurationList section */
		84B597CD2A70DDE300A92C90 /* Build configuration list for PBXProject "EmpikTestApp" */ = {
			isa = XCConfigurationList;
			buildConfigurations = (
				84B597E42A70DDE400A92C90 /* Debug */,
				84B597E52A70DDE400A92C90 /* Release */,
			);
			defaultConfigurationIsVisible = 0;
			defaultConfigurationName = Release;
		};
		84B597E62A70DDE400A92C90 /* Build configuration list for PBXNativeTarget "EmpikTestApp" */ = {
			isa = XCConfigurationList;
			buildConfigurations = (
				84B597E72A70DDE400A92C90 /* Debug */,
				84B597E82A70DDE400A92C90 /* Release */,
			);
			defaultConfigurationIsVisible = 0;
			defaultConfigurationName = Release;
		};
/* End XCConfigurationList section */
	};
	rootObject = 84B597CA2A70DDE300A92C90 /* Project object */;
}
